// !$*UTF8*$!
{
	archiveVersion = 1;
	classes = {
	};
	objectVersion = 50;
	objects = {

/* Begin PBXBuildFile section */
		0B13F1F222F56C0E00BE97B9 /* Localizable_rus.strings in Resources */ = {isa = PBXBuildFile; fileRef = 0B13F1F122F56C0E00BE97B9 /* Localizable_rus.strings */; };
		0B13F1F422F56C2200BE97B9 /* Localizable_eng.strings in Resources */ = {isa = PBXBuildFile; fileRef = 0B13F1F322F56C2200BE97B9 /* Localizable_eng.strings */; };
		0B13F1F722F56D7700BE97B9 /* Localizable.strings in Resources */ = {isa = PBXBuildFile; fileRef = 0B13F1F922F56D7700BE97B9 /* Localizable.strings */; };
		0B2EFB912326DAF30082FE9B /* SearchVC.swift in Sources */ = {isa = PBXBuildFile; fileRef = 0B2EFB902326DAF30082FE9B /* SearchVC.swift */; };
		0B2EFB94232FE5330082FE9B /* FM.swift in Sources */ = {isa = PBXBuildFile; fileRef = 0B2EFB93232FE5330082FE9B /* FM.swift */; };
		0BC6338622F5669900F2F24C /*  Data.swift in Sources */ = {isa = PBXBuildFile; fileRef = 0BC6338522F5669900F2F24C /*  Data.swift */; };
		0BC6338822F566B600F2F24C /* SignUPFinalViewController_lang.swift in Sources */ = {isa = PBXBuildFile; fileRef = 0BC6338722F566B600F2F24C /* SignUPFinalViewController_lang.swift */; };
		0BDDD780230593D200574842 /* MainVcData.swift in Sources */ = {isa = PBXBuildFile; fileRef = 0BDDD77F230593D200574842 /* MainVcData.swift */; };
		40042819230B188200B9A02C /* CollectionViewController.swift in Sources */ = {isa = PBXBuildFile; fileRef = 40042817230B188200B9A02C /* CollectionViewController.swift */; };
		4004281A230B188200B9A02C /* CollectionViewController.xib in Resources */ = {isa = PBXBuildFile; fileRef = 40042818230B188200B9A02C /* CollectionViewController.xib */; };
		4004281C230B18C500B9A02C /* CollectionModel.swift in Sources */ = {isa = PBXBuildFile; fileRef = 4004281B230B18C500B9A02C /* CollectionModel.swift */; };
		404A85162339084D00159DED /* MainReportViewController.swift in Sources */ = {isa = PBXBuildFile; fileRef = 404A85142339084D00159DED /* MainReportViewController.swift */; };
		404A85172339084D00159DED /* MainReportViewController.xib in Resources */ = {isa = PBXBuildFile; fileRef = 404A85152339084D00159DED /* MainReportViewController.xib */; };
		4A292F2522F4A3920051A609 /* ReportViewController.swift in Sources */ = {isa = PBXBuildFile; fileRef = 4A292F2222F4A3910051A609 /* ReportViewController.swift */; };
		4A292F2622F4A3920051A609 /* ReportViewController.xib in Resources */ = {isa = PBXBuildFile; fileRef = 4A292F2322F4A3920051A609 /* ReportViewController.xib */; };
		4A292F2722F4A3920051A609 /* ModelReport.swift in Sources */ = {isa = PBXBuildFile; fileRef = 4A292F2422F4A3920051A609 /* ModelReport.swift */; };
		4A6A440D22EF6A1F0082CDA3 /* AppDelegate.swift in Sources */ = {isa = PBXBuildFile; fileRef = 4A6A440C22EF6A1F0082CDA3 /* AppDelegate.swift */; };
		4A6A440F22EF6A1F0082CDA3 /* StartViewController.swift in Sources */ = {isa = PBXBuildFile; fileRef = 4A6A440E22EF6A1F0082CDA3 /* StartViewController.swift */; };
		4A6A441222EF6A1F0082CDA3 /* Main.storyboard in Resources */ = {isa = PBXBuildFile; fileRef = 4A6A441022EF6A1F0082CDA3 /* Main.storyboard */; };
		4A6A441422EF6A200082CDA3 /* Assets.xcassets in Resources */ = {isa = PBXBuildFile; fileRef = 4A6A441322EF6A200082CDA3 /* Assets.xcassets */; };
		4A6A441722EF6A200082CDA3 /* LaunchScreen.storyboard in Resources */ = {isa = PBXBuildFile; fileRef = 4A6A441522EF6A200082CDA3 /* LaunchScreen.storyboard */; };
		4A6A442322EF6B280082CDA3 /* View.swift in Sources */ = {isa = PBXBuildFile; fileRef = 4A6A442222EF6B280082CDA3 /* View.swift */; };
		4ADB102622F1A88400DB7ACB /* GoogleService-Info.plist in Resources */ = {isa = PBXBuildFile; fileRef = 4ADB102522F1A88400DB7ACB /* GoogleService-Info.plist */; };
		4ADB102B22F1B42B00DB7ACB /* MainViewController.swift in Sources */ = {isa = PBXBuildFile; fileRef = 4ADB102A22F1B42B00DB7ACB /* MainViewController.swift */; };
		4ADB102D22F1BDA300DB7ACB /* RegistrationViewController.swift in Sources */ = {isa = PBXBuildFile; fileRef = 4ADB102C22F1BDA300DB7ACB /* RegistrationViewController.swift */; };
		AC2877E923181EBC00ED15A3 /* LibraryViewController.swift in Sources */ = {isa = PBXBuildFile; fileRef = AC2877E823181EBC00ED15A3 /* LibraryViewController.swift */; };
		AC2877EE23183A3300ED15A3 /* SanteData.swift in Sources */ = {isa = PBXBuildFile; fileRef = AC2877ED23183A3300ED15A3 /* SanteData.swift */; };
		AC2877EF2318459900ED15A3 /* Sante.db in Resources */ = {isa = PBXBuildFile; fileRef = AC2877EC231839AC00ED15A3 /* Sante.db */; };
		AC2877F1231847FA00ED15A3 /* WebKit.framework in Frameworks */ = {isa = PBXBuildFile; fileRef = AC2877F0231847FA00ED15A3 /* WebKit.framework */; };
		AC4F030222F023C900F1622B /* SignINViewControllerXIB.swift in Sources */ = {isa = PBXBuildFile; fileRef = AC4F030022F023C900F1622B /* SignINViewControllerXIB.swift */; };
		AC4F030522F0322400F1622B /* UserProfile.swift in Sources */ = {isa = PBXBuildFile; fileRef = AC4F030422F0322400F1622B /* UserProfile.swift */; };
		ACC2FFD62315A15A00439103 /* slide_example in Resources */ = {isa = PBXBuildFile; fileRef = ACC2FFD52315A15A00439103 /* slide_example */; };
		ACC2FFD92315A25A00439103 /* ParserSoup.swift in Sources */ = {isa = PBXBuildFile; fileRef = ACC2FFD82315A25A00439103 /* ParserSoup.swift */; };
		ACE63A552305BF0A00F04758 /* PresentationsCollectionViewCell.swift in Sources */ = {isa = PBXBuildFile; fileRef = ACE63A542305BF0A00F04758 /* PresentationsCollectionViewCell.swift */; };
		ACE63A572305BF1A00F04758 /* VideoCollectionViewCell.swift in Sources */ = {isa = PBXBuildFile; fileRef = ACE63A562305BF1A00F04758 /* VideoCollectionViewCell.swift */; };
		ACEA0D4F230C62830054B75E /* ItemFromPresentationViewController.swift in Sources */ = {isa = PBXBuildFile; fileRef = ACEA0D4E230C62830054B75E /* ItemFromPresentationViewController.swift */; };
		ACEA0D51230C62990054B75E /* ItemFromVideoViewController.swift in Sources */ = {isa = PBXBuildFile; fileRef = ACEA0D50230C62990054B75E /* ItemFromVideoViewController.swift */; };
		ACEA0D53230D12BB0054B75E /* QuestionsViewController.swift in Sources */ = {isa = PBXBuildFile; fileRef = ACEA0D52230D12BB0054B75E /* QuestionsViewController.swift */; };
		AEA4DC510DDFD23048512F2D /* Pods_MedicalApp.framework in Frameworks */ = {isa = PBXBuildFile; fileRef = E7336171A34AD569070F139E /* Pods_MedicalApp.framework */; };
		C204BEF222F1586300EDB741 /* SignUPFinalViewController.swift in Sources */ = {isa = PBXBuildFile; fileRef = C204BEF122F1586300EDB741 /* SignUPFinalViewController.swift */; };
		C204BEF422F15E0200EDB741 /* RegularEmail.swift in Sources */ = {isa = PBXBuildFile; fileRef = C204BEF322F15E0200EDB741 /* RegularEmail.swift */; };
		C215C5D422F0BBE9003EFF72 /* SignINViewControllerXIB.xib in Resources */ = {isa = PBXBuildFile; fileRef = C215C5D622F0BBE9003EFF72 /* SignINViewControllerXIB.xib */; };
/* End PBXBuildFile section */

/* Begin PBXFileReference section */
		0B13F1F122F56C0E00BE97B9 /* Localizable_rus.strings */ = {isa = PBXFileReference; fileEncoding = 4; lastKnownFileType = text.plist.strings; path = Localizable_rus.strings; sourceTree = "<group>"; };
		0B13F1F322F56C2200BE97B9 /* Localizable_eng.strings */ = {isa = PBXFileReference; fileEncoding = 4; lastKnownFileType = text.plist.strings; path = Localizable_eng.strings; sourceTree = "<group>"; };
		0B13F1F822F56D7700BE97B9 /* fr */ = {isa = PBXFileReference; lastKnownFileType = text.plist.strings; name = fr; path = fr.lproj/Localizable.strings; sourceTree = "<group>"; };
		0B13F1FA22F56D7D00BE97B9 /* en */ = {isa = PBXFileReference; lastKnownFileType = text.plist.strings; name = en; path = en.lproj/Localizable.strings; sourceTree = "<group>"; };
		0B2EFB902326DAF30082FE9B /* SearchVC.swift */ = {isa = PBXFileReference; lastKnownFileType = sourcecode.swift; path = SearchVC.swift; sourceTree = "<group>"; };
		0B2EFB93232FE5330082FE9B /* FM.swift */ = {isa = PBXFileReference; lastKnownFileType = sourcecode.swift; path = FM.swift; sourceTree = "<group>"; };
		0BC6338522F5669900F2F24C /*  Data.swift */ = {isa = PBXFileReference; fileEncoding = 4; lastKnownFileType = sourcecode.swift; path = " Data.swift"; sourceTree = "<group>"; };
		0BC6338722F566B600F2F24C /* SignUPFinalViewController_lang.swift */ = {isa = PBXFileReference; fileEncoding = 4; lastKnownFileType = sourcecode.swift; path = SignUPFinalViewController_lang.swift; sourceTree = "<group>"; };
		0BDDD77F230593D200574842 /* MainVcData.swift */ = {isa = PBXFileReference; lastKnownFileType = sourcecode.swift; path = MainVcData.swift; sourceTree = "<group>"; };
		2FD39EF8466ADD142FC0684A /* Pods-MedicalApp.release.xcconfig */ = {isa = PBXFileReference; includeInIndex = 1; lastKnownFileType = text.xcconfig; name = "Pods-MedicalApp.release.xcconfig"; path = "Pods/Target Support Files/Pods-MedicalApp/Pods-MedicalApp.release.xcconfig"; sourceTree = "<group>"; };
		40042817230B188200B9A02C /* CollectionViewController.swift */ = {isa = PBXFileReference; lastKnownFileType = sourcecode.swift; path = CollectionViewController.swift; sourceTree = "<group>"; };
		40042818230B188200B9A02C /* CollectionViewController.xib */ = {isa = PBXFileReference; lastKnownFileType = file.xib; path = CollectionViewController.xib; sourceTree = "<group>"; };
		4004281B230B18C500B9A02C /* CollectionModel.swift */ = {isa = PBXFileReference; lastKnownFileType = sourcecode.swift; path = CollectionModel.swift; sourceTree = "<group>"; };
		404A85142339084D00159DED /* MainReportViewController.swift */ = {isa = PBXFileReference; lastKnownFileType = sourcecode.swift; path = MainReportViewController.swift; sourceTree = "<group>"; };
		404A85152339084D00159DED /* MainReportViewController.xib */ = {isa = PBXFileReference; lastKnownFileType = file.xib; path = MainReportViewController.xib; sourceTree = "<group>"; };
		4A292F2222F4A3910051A609 /* ReportViewController.swift */ = {isa = PBXFileReference; fileEncoding = 4; lastKnownFileType = sourcecode.swift; path = ReportViewController.swift; sourceTree = "<group>"; };
		4A292F2322F4A3920051A609 /* ReportViewController.xib */ = {isa = PBXFileReference; fileEncoding = 4; lastKnownFileType = file.xib; path = ReportViewController.xib; sourceTree = "<group>"; };
		4A292F2422F4A3920051A609 /* ModelReport.swift */ = {isa = PBXFileReference; fileEncoding = 4; lastKnownFileType = sourcecode.swift; path = ModelReport.swift; sourceTree = "<group>"; };
		4A6A440922EF6A1F0082CDA3 /* MedicalApp.app */ = {isa = PBXFileReference; explicitFileType = wrapper.application; includeInIndex = 0; path = MedicalApp.app; sourceTree = BUILT_PRODUCTS_DIR; };
		4A6A440C22EF6A1F0082CDA3 /* AppDelegate.swift */ = {isa = PBXFileReference; lastKnownFileType = sourcecode.swift; path = AppDelegate.swift; sourceTree = "<group>"; };
		4A6A440E22EF6A1F0082CDA3 /* StartViewController.swift */ = {isa = PBXFileReference; lastKnownFileType = sourcecode.swift; path = StartViewController.swift; sourceTree = "<group>"; };
		4A6A441122EF6A1F0082CDA3 /* Base */ = {isa = PBXFileReference; lastKnownFileType = file.storyboard; name = Base; path = Base.lproj/Main.storyboard; sourceTree = "<group>"; };
		4A6A441322EF6A200082CDA3 /* Assets.xcassets */ = {isa = PBXFileReference; lastKnownFileType = folder.assetcatalog; path = Assets.xcassets; sourceTree = "<group>"; };
		4A6A441622EF6A200082CDA3 /* Base */ = {isa = PBXFileReference; lastKnownFileType = file.storyboard; name = Base; path = Base.lproj/LaunchScreen.storyboard; sourceTree = "<group>"; };
		4A6A441822EF6A200082CDA3 /* Info.plist */ = {isa = PBXFileReference; lastKnownFileType = text.plist.xml; path = Info.plist; sourceTree = "<group>"; };
		4A6A442222EF6B280082CDA3 /* View.swift */ = {isa = PBXFileReference; lastKnownFileType = sourcecode.swift; path = View.swift; sourceTree = "<group>"; };
		4ADB102522F1A88400DB7ACB /* GoogleService-Info.plist */ = {isa = PBXFileReference; fileEncoding = 4; lastKnownFileType = text.plist.xml; path = "GoogleService-Info.plist"; sourceTree = "<group>"; };
		4ADB102722F1B1A000DB7ACB /* fr */ = {isa = PBXFileReference; lastKnownFileType = text.plist.strings; name = fr; path = fr.lproj/SignINViewControllerXIB.strings; sourceTree = "<group>"; };
		4ADB102822F1B1A100DB7ACB /* fr */ = {isa = PBXFileReference; lastKnownFileType = text.plist.strings; name = fr; path = fr.lproj/Main.strings; sourceTree = "<group>"; };
		4ADB102922F1B1A100DB7ACB /* fr */ = {isa = PBXFileReference; lastKnownFileType = text.plist.strings; name = fr; path = fr.lproj/LaunchScreen.strings; sourceTree = "<group>"; };
		4ADB102A22F1B42B00DB7ACB /* MainViewController.swift */ = {isa = PBXFileReference; lastKnownFileType = sourcecode.swift; path = MainViewController.swift; sourceTree = "<group>"; };
		4ADB102C22F1BDA300DB7ACB /* RegistrationViewController.swift */ = {isa = PBXFileReference; lastKnownFileType = sourcecode.swift; path = RegistrationViewController.swift; sourceTree = "<group>"; };
		AC08AC1523159B88009BEBAF /* SwiftSoup.framework */ = {isa = PBXFileReference; explicitFileType = wrapper.framework; path = SwiftSoup.framework; sourceTree = BUILT_PRODUCTS_DIR; };
		AC2877E823181EBC00ED15A3 /* LibraryViewController.swift */ = {isa = PBXFileReference; lastKnownFileType = sourcecode.swift; path = LibraryViewController.swift; sourceTree = "<group>"; };
		AC2877EC231839AC00ED15A3 /* Sante.db */ = {isa = PBXFileReference; lastKnownFileType = file; path = Sante.db; sourceTree = "<group>"; };
		AC2877ED23183A3300ED15A3 /* SanteData.swift */ = {isa = PBXFileReference; lastKnownFileType = sourcecode.swift; path = SanteData.swift; sourceTree = "<group>"; wrapsLines = 1; };
		AC2877F0231847FA00ED15A3 /* WebKit.framework */ = {isa = PBXFileReference; lastKnownFileType = wrapper.framework; name = WebKit.framework; path = System/Library/Frameworks/WebKit.framework; sourceTree = SDKROOT; };
		AC4F030022F023C900F1622B /* SignINViewControllerXIB.swift */ = {isa = PBXFileReference; lastKnownFileType = sourcecode.swift; path = SignINViewControllerXIB.swift; sourceTree = "<group>"; };
		AC4F030422F0322400F1622B /* UserProfile.swift */ = {isa = PBXFileReference; lastKnownFileType = sourcecode.swift; path = UserProfile.swift; sourceTree = "<group>"; };
		ACC2FFD52315A15A00439103 /* slide_example */ = {isa = PBXFileReference; lastKnownFileType = folder; path = slide_example; sourceTree = "<group>"; };
		ACC2FFD82315A25A00439103 /* ParserSoup.swift */ = {isa = PBXFileReference; lastKnownFileType = sourcecode.swift; path = ParserSoup.swift; sourceTree = "<group>"; };
		ACE63A542305BF0A00F04758 /* PresentationsCollectionViewCell.swift */ = {isa = PBXFileReference; lastKnownFileType = sourcecode.swift; path = PresentationsCollectionViewCell.swift; sourceTree = "<group>"; };
		ACE63A562305BF1A00F04758 /* VideoCollectionViewCell.swift */ = {isa = PBXFileReference; lastKnownFileType = sourcecode.swift; path = VideoCollectionViewCell.swift; sourceTree = "<group>"; };
		ACEA0D4E230C62830054B75E /* ItemFromPresentationViewController.swift */ = {isa = PBXFileReference; lastKnownFileType = sourcecode.swift; path = ItemFromPresentationViewController.swift; sourceTree = "<group>"; };
		ACEA0D50230C62990054B75E /* ItemFromVideoViewController.swift */ = {isa = PBXFileReference; lastKnownFileType = sourcecode.swift; path = ItemFromVideoViewController.swift; sourceTree = "<group>"; };
		ACEA0D52230D12BB0054B75E /* QuestionsViewController.swift */ = {isa = PBXFileReference; lastKnownFileType = sourcecode.swift; path = QuestionsViewController.swift; sourceTree = "<group>"; };
		ACF647A423159ACE0083E708 /* SwiftSoup.framework */ = {isa = PBXFileReference; explicitFileType = wrapper.framework; path = SwiftSoup.framework; sourceTree = BUILT_PRODUCTS_DIR; };
		C204BEF122F1586300EDB741 /* SignUPFinalViewController.swift */ = {isa = PBXFileReference; lastKnownFileType = sourcecode.swift; path = SignUPFinalViewController.swift; sourceTree = "<group>"; };
		C204BEF322F15E0200EDB741 /* RegularEmail.swift */ = {isa = PBXFileReference; lastKnownFileType = sourcecode.swift; path = RegularEmail.swift; sourceTree = "<group>"; };
		C215C5D522F0BBE9003EFF72 /* Base */ = {isa = PBXFileReference; lastKnownFileType = file.xib; name = Base; path = Base.lproj/SignINViewControllerXIB.xib; sourceTree = "<group>"; };
		CAF85031EF89E4C457A6E7BE /* Pods-MedicalApp.debug.xcconfig */ = {isa = PBXFileReference; includeInIndex = 1; lastKnownFileType = text.xcconfig; name = "Pods-MedicalApp.debug.xcconfig"; path = "Pods/Target Support Files/Pods-MedicalApp/Pods-MedicalApp.debug.xcconfig"; sourceTree = "<group>"; };
		E7336171A34AD569070F139E /* Pods_MedicalApp.framework */ = {isa = PBXFileReference; explicitFileType = wrapper.framework; includeInIndex = 0; path = Pods_MedicalApp.framework; sourceTree = BUILT_PRODUCTS_DIR; };
/* End PBXFileReference section */

/* Begin PBXFrameworksBuildPhase section */
		4A6A440622EF6A1F0082CDA3 /* Frameworks */ = {
			isa = PBXFrameworksBuildPhase;
			buildActionMask = 2147483647;
			files = (
				AC2877F1231847FA00ED15A3 /* WebKit.framework in Frameworks */,
				AEA4DC510DDFD23048512F2D /* Pods_MedicalApp.framework in Frameworks */,
			);
			runOnlyForDeploymentPostprocessing = 0;
		};
/* End PBXFrameworksBuildPhase section */

/* Begin PBXGroup section */
		0FFF5A5844F63519886E16C9 /* Pods */ = {
			isa = PBXGroup;
			children = (
				CAF85031EF89E4C457A6E7BE /* Pods-MedicalApp.debug.xcconfig */,
				2FD39EF8466ADD142FC0684A /* Pods-MedicalApp.release.xcconfig */,
			);
			name = Pods;
			sourceTree = "<group>";
		};
		4A292F2122F4A3820051A609 /* Nikita */ = {
			isa = PBXGroup;
			children = (
				404A85142339084D00159DED /* MainReportViewController.swift */,
				4A292F2222F4A3910051A609 /* ReportViewController.swift */,
				40042817230B188200B9A02C /* CollectionViewController.swift */,
				4A292F2322F4A3920051A609 /* ReportViewController.xib */,
				404A85152339084D00159DED /* MainReportViewController.xib */,
				40042818230B188200B9A02C /* CollectionViewController.xib */,
				4004281B230B18C500B9A02C /* CollectionModel.swift */,
				4A292F2422F4A3920051A609 /* ModelReport.swift */,
			);
			path = Nikita;
			sourceTree = "<group>";
		};
		4A6A440022EF6A1F0082CDA3 = {
			isa = PBXGroup;
			children = (
				ACF647A423159ACE0083E708 /* SwiftSoup.framework */,
				4A6A440B22EF6A1F0082CDA3 /* MedicalApp */,
				4A6A440A22EF6A1F0082CDA3 /* Products */,
				F4E357254953D78E0706489C /* Frameworks */,
				0FFF5A5844F63519886E16C9 /* Pods */,
			);
			sourceTree = "<group>";
		};
		4A6A440A22EF6A1F0082CDA3 /* Products */ = {
			isa = PBXGroup;
			children = (
				4A6A440922EF6A1F0082CDA3 /* MedicalApp.app */,
			);
			name = Products;
			sourceTree = "<group>";
		};
		4A6A440B22EF6A1F0082CDA3 /* MedicalApp */ = {
			isa = PBXGroup;
			children = (
				ACC2FFD72315A22300439103 /* Helpers */,
				4A292F2122F4A3820051A609 /* Nikita */,
				4A6A442122EF6ABC0082CDA3 /* Resources */,
				4A6A442022EF6A590082CDA3 /* Controllers */,
				4A6A441F22EF6A500082CDA3 /* Views */,
				4A6A441E22EF6A460082CDA3 /* Models */,
				4A6A440C22EF6A1F0082CDA3 /* AppDelegate.swift */,
				4A6A441022EF6A1F0082CDA3 /* Main.storyboard */,
				4A6A441522EF6A200082CDA3 /* LaunchScreen.storyboard */,
			);
			path = MedicalApp;
			sourceTree = "<group>";
		};
		4A6A441E22EF6A460082CDA3 /* Models */ = {
			isa = PBXGroup;
			children = (
				C204BEF322F15E0200EDB741 /* RegularEmail.swift */,
				0BDDD77F230593D200574842 /* MainVcData.swift */,
				AC4F030422F0322400F1622B /* UserProfile.swift */,
			);
			path = Models;
			sourceTree = "<group>";
		};
		4A6A441F22EF6A500082CDA3 /* Views */ = {
			isa = PBXGroup;
			children = (
				4A6A442222EF6B280082CDA3 /* View.swift */,
				ACE63A542305BF0A00F04758 /* PresentationsCollectionViewCell.swift */,
				ACE63A562305BF1A00F04758 /* VideoCollectionViewCell.swift */,
			);
			path = Views;
			sourceTree = "<group>";
		};
		4A6A442022EF6A590082CDA3 /* Controllers */ = {
			isa = PBXGroup;
			children = (
				4ADB102A22F1B42B00DB7ACB /* MainViewController.swift */,
				4A6A440E22EF6A1F0082CDA3 /* StartViewController.swift */,
				AC4F030022F023C900F1622B /* SignINViewControllerXIB.swift */,
				C204BEF122F1586300EDB741 /* SignUPFinalViewController.swift */,
				C215C5D622F0BBE9003EFF72 /* SignINViewControllerXIB.xib */,
				4ADB102C22F1BDA300DB7ACB /* RegistrationViewController.swift */,
				ACEA0D4E230C62830054B75E /* ItemFromPresentationViewController.swift */,
				ACEA0D50230C62990054B75E /* ItemFromVideoViewController.swift */,
				ACEA0D52230D12BB0054B75E /* QuestionsViewController.swift */,
				AC2877E823181EBC00ED15A3 /* LibraryViewController.swift */,
				0B2EFB902326DAF30082FE9B /* SearchVC.swift */,
			);
			path = Controllers;
			sourceTree = "<group>";
		};
		4A6A442122EF6ABC0082CDA3 /* Resources */ = {
			isa = PBXGroup;
			children = (
				AC2877EC231839AC00ED15A3 /* Sante.db */,
				ACC2FFD52315A15A00439103 /* slide_example */,
				0B13F1F322F56C2200BE97B9 /* Localizable_eng.strings */,
				0B13F1F922F56D7700BE97B9 /* Localizable.strings */,
				0B13F1F122F56C0E00BE97B9 /* Localizable_rus.strings */,
				0BC6338722F566B600F2F24C /* SignUPFinalViewController_lang.swift */,
				0BC6338522F5669900F2F24C /*  Data.swift */,
				4A6A441322EF6A200082CDA3 /* Assets.xcassets */,
				4A6A441822EF6A200082CDA3 /* Info.plist */,
				4ADB102522F1A88400DB7ACB /* GoogleService-Info.plist */,
			);
			path = Resources;
			sourceTree = "<group>";
		};
		ACC2FFD72315A22300439103 /* Helpers */ = {
			isa = PBXGroup;
			children = (
				ACC2FFD82315A25A00439103 /* ParserSoup.swift */,
				AC2877ED23183A3300ED15A3 /* SanteData.swift */,
				0B2EFB93232FE5330082FE9B /* FM.swift */,
			);
			path = Helpers;
			sourceTree = "<group>";
		};
		F4E357254953D78E0706489C /* Frameworks */ = {
			isa = PBXGroup;
			children = (
				AC2877F0231847FA00ED15A3 /* WebKit.framework */,
				AC08AC1523159B88009BEBAF /* SwiftSoup.framework */,
				E7336171A34AD569070F139E /* Pods_MedicalApp.framework */,
			);
			name = Frameworks;
			sourceTree = "<group>";
		};
/* End PBXGroup section */

/* Begin PBXNativeTarget section */
		4A6A440822EF6A1F0082CDA3 /* MedicalApp */ = {
			isa = PBXNativeTarget;
			buildConfigurationList = 4A6A441B22EF6A200082CDA3 /* Build configuration list for PBXNativeTarget "MedicalApp" */;
			buildPhases = (
				AB335CC7CD67F3B3C1EC1491 /* [CP] Check Pods Manifest.lock */,
				4A6A440522EF6A1F0082CDA3 /* Sources */,
				4A6A440622EF6A1F0082CDA3 /* Frameworks */,
				4A6A440722EF6A1F0082CDA3 /* Resources */,
				111D7F19ADBA95E3A8EB71BC /* [CP] Embed Pods Frameworks */,
			);
			buildRules = (
			);
			dependencies = (
			);
			name = MedicalApp;
			productName = MedicalApp;
			productReference = 4A6A440922EF6A1F0082CDA3 /* MedicalApp.app */;
			productType = "com.apple.product-type.application";
		};
/* End PBXNativeTarget section */

/* Begin PBXProject section */
		4A6A440122EF6A1F0082CDA3 /* Project object */ = {
			isa = PBXProject;
			attributes = {
				KnownAssetTags = (
					New,
				);
				LastSwiftUpdateCheck = 1030;
				LastUpgradeCheck = 1030;
				ORGANIZATIONNAME = "iOS Team";
				TargetAttributes = {
					4A6A440822EF6A1F0082CDA3 = {
						CreatedOnToolsVersion = 10.3;
					};
				};
			};
			buildConfigurationList = 4A6A440422EF6A1F0082CDA3 /* Build configuration list for PBXProject "MedicalApp" */;
			compatibilityVersion = "Xcode 9.3";
			developmentRegion = en;
			hasScannedForEncodings = 0;
			knownRegions = (
				en,
				Base,
				fr,
			);
			mainGroup = 4A6A440022EF6A1F0082CDA3;
			productRefGroup = 4A6A440A22EF6A1F0082CDA3 /* Products */;
			projectDirPath = "";
			projectRoot = "";
			targets = (
				4A6A440822EF6A1F0082CDA3 /* MedicalApp */,
			);
		};
/* End PBXProject section */

/* Begin PBXResourcesBuildPhase section */
		4A6A440722EF6A1F0082CDA3 /* Resources */ = {
			isa = PBXResourcesBuildPhase;
			buildActionMask = 2147483647;
			files = (
				4A6A441722EF6A200082CDA3 /* LaunchScreen.storyboard in Resources */,
				4A6A441422EF6A200082CDA3 /* Assets.xcassets in Resources */,
				0B13F1F422F56C2200BE97B9 /* Localizable_eng.strings in Resources */,
				ACC2FFD62315A15A00439103 /* slide_example in Resources */,
				4A292F2622F4A3920051A609 /* ReportViewController.xib in Resources */,
				4004281A230B188200B9A02C /* CollectionViewController.xib in Resources */,
				404A85172339084D00159DED /* MainReportViewController.xib in Resources */,
				0B13F1F722F56D7700BE97B9 /* Localizable.strings in Resources */,
				0B13F1F222F56C0E00BE97B9 /* Localizable_rus.strings in Resources */,
				4ADB102622F1A88400DB7ACB /* GoogleService-Info.plist in Resources */,
				4A6A441222EF6A1F0082CDA3 /* Main.storyboard in Resources */,
				C215C5D422F0BBE9003EFF72 /* SignINViewControllerXIB.xib in Resources */,
				AC2877EF2318459900ED15A3 /* Sante.db in Resources */,
			);
			runOnlyForDeploymentPostprocessing = 0;
		};
/* End PBXResourcesBuildPhase section */

/* Begin PBXShellScriptBuildPhase section */
		111D7F19ADBA95E3A8EB71BC /* [CP] Embed Pods Frameworks */ = {
			isa = PBXShellScriptBuildPhase;
			buildActionMask = 2147483647;
			files = (
			);
			inputFileListPaths = (
			);
			inputPaths = (
				"${SRCROOT}/Pods/Target Support Files/Pods-MedicalApp/Pods-MedicalApp-frameworks.sh",
				"${BUILT_PRODUCTS_DIR}/GTMSessionFetcher/GTMSessionFetcher.framework",
				"${BUILT_PRODUCTS_DIR}/GoogleUtilities/GoogleUtilities.framework",
				"${BUILT_PRODUCTS_DIR}/SwiftSoup/SwiftSoup.framework",
				"${BUILT_PRODUCTS_DIR}/leveldb-library/leveldb.framework",
				"${BUILT_PRODUCTS_DIR}/nanopb/nanopb.framework",
			);
			name = "[CP] Embed Pods Frameworks";
			outputFileListPaths = (
			);
			outputPaths = (
				"${TARGET_BUILD_DIR}/${FRAMEWORKS_FOLDER_PATH}/GTMSessionFetcher.framework",
				"${TARGET_BUILD_DIR}/${FRAMEWORKS_FOLDER_PATH}/GoogleUtilities.framework",
				"${TARGET_BUILD_DIR}/${FRAMEWORKS_FOLDER_PATH}/SwiftSoup.framework",
				"${TARGET_BUILD_DIR}/${FRAMEWORKS_FOLDER_PATH}/leveldb.framework",
				"${TARGET_BUILD_DIR}/${FRAMEWORKS_FOLDER_PATH}/nanopb.framework",
			);
			runOnlyForDeploymentPostprocessing = 0;
			shellPath = /bin/sh;
			shellScript = "\"${SRCROOT}/Pods/Target Support Files/Pods-MedicalApp/Pods-MedicalApp-frameworks.sh\"\n";
			showEnvVarsInLog = 0;
		};
		AB335CC7CD67F3B3C1EC1491 /* [CP] Check Pods Manifest.lock */ = {
			isa = PBXShellScriptBuildPhase;
			buildActionMask = 2147483647;
			files = (
			);
			inputFileListPaths = (
			);
			inputPaths = (
				"${PODS_PODFILE_DIR_PATH}/Podfile.lock",
				"${PODS_ROOT}/Manifest.lock",
			);
			name = "[CP] Check Pods Manifest.lock";
			outputFileListPaths = (
			);
			outputPaths = (
				"$(DERIVED_FILE_DIR)/Pods-MedicalApp-checkManifestLockResult.txt",
			);
			runOnlyForDeploymentPostprocessing = 0;
			shellPath = /bin/sh;
			shellScript = "diff \"${PODS_PODFILE_DIR_PATH}/Podfile.lock\" \"${PODS_ROOT}/Manifest.lock\" > /dev/null\nif [ $? != 0 ] ; then\n    # print error to STDERR\n    echo \"error: The sandbox is not in sync with the Podfile.lock. Run 'pod install' or update your CocoaPods installation.\" >&2\n    exit 1\nfi\n# This output is used by Xcode 'outputs' to avoid re-running this script phase.\necho \"SUCCESS\" > \"${SCRIPT_OUTPUT_FILE_0}\"\n";
			showEnvVarsInLog = 0;
		};
/* End PBXShellScriptBuildPhase section */

/* Begin PBXSourcesBuildPhase section */
		4A6A440522EF6A1F0082CDA3 /* Sources */ = {
			isa = PBXSourcesBuildPhase;
			buildActionMask = 2147483647;
			files = (
				AC2877E923181EBC00ED15A3 /* LibraryViewController.swift in Sources */,
				4A6A440F22EF6A1F0082CDA3 /* StartViewController.swift in Sources */,
				404A85162339084D00159DED /* MainReportViewController.swift in Sources */,
				ACC2FFD92315A25A00439103 /* ParserSoup.swift in Sources */,
				0BDDD780230593D200574842 /* MainVcData.swift in Sources */,
				0B2EFB94232FE5330082FE9B /* FM.swift in Sources */,
				4ADB102D22F1BDA300DB7ACB /* RegistrationViewController.swift in Sources */,
				C204BEF222F1586300EDB741 /* SignUPFinalViewController.swift in Sources */,
				4A6A440D22EF6A1F0082CDA3 /* AppDelegate.swift in Sources */,
				0BC6338622F5669900F2F24C /*  Data.swift in Sources */,
				ACE63A572305BF1A00F04758 /* VideoCollectionViewCell.swift in Sources */,
				ACEA0D4F230C62830054B75E /* ItemFromPresentationViewController.swift in Sources */,
				ACEA0D53230D12BB0054B75E /* QuestionsViewController.swift in Sources */,
				4A292F2722F4A3920051A609 /* ModelReport.swift in Sources */,
				4004281C230B18C500B9A02C /* CollectionModel.swift in Sources */,
				AC4F030522F0322400F1622B /* UserProfile.swift in Sources */,
				C204BEF422F15E0200EDB741 /* RegularEmail.swift in Sources */,
				4A6A442322EF6B280082CDA3 /* View.swift in Sources */,
				40042819230B188200B9A02C /* CollectionViewController.swift in Sources */,
				ACE63A552305BF0A00F04758 /* PresentationsCollectionViewCell.swift in Sources */,
				ACEA0D51230C62990054B75E /* ItemFromVideoViewController.swift in Sources */,
				0BC6338822F566B600F2F24C /* SignUPFinalViewController_lang.swift in Sources */,
				AC4F030222F023C900F1622B /* SignINViewControllerXIB.swift in Sources */,
				4A292F2522F4A3920051A609 /* ReportViewController.swift in Sources */,
				4ADB102B22F1B42B00DB7ACB /* MainViewController.swift in Sources */,
				0B2EFB912326DAF30082FE9B /* SearchVC.swift in Sources */,
				AC2877EE23183A3300ED15A3 /* SanteData.swift in Sources */,
			);
			runOnlyForDeploymentPostprocessing = 0;
		};
/* End PBXSourcesBuildPhase section */

/* Begin PBXVariantGroup section */
		0B13F1F922F56D7700BE97B9 /* Localizable.strings */ = {
			isa = PBXVariantGroup;
			children = (
				0B13F1F822F56D7700BE97B9 /* fr */,
				0B13F1FA22F56D7D00BE97B9 /* en */,
			);
			name = Localizable.strings;
			sourceTree = "<group>";
		};
		4A6A441022EF6A1F0082CDA3 /* Main.storyboard */ = {
			isa = PBXVariantGroup;
			children = (
				4A6A441122EF6A1F0082CDA3 /* Base */,
				4ADB102822F1B1A100DB7ACB /* fr */,
			);
			name = Main.storyboard;
			sourceTree = "<group>";
		};
		4A6A441522EF6A200082CDA3 /* LaunchScreen.storyboard */ = {
			isa = PBXVariantGroup;
			children = (
				4A6A441622EF6A200082CDA3 /* Base */,
				4ADB102922F1B1A100DB7ACB /* fr */,
			);
			name = LaunchScreen.storyboard;
			sourceTree = "<group>";
		};
		C215C5D622F0BBE9003EFF72 /* SignINViewControllerXIB.xib */ = {
			isa = PBXVariantGroup;
			children = (
				C215C5D522F0BBE9003EFF72 /* Base */,
				4ADB102722F1B1A000DB7ACB /* fr */,
			);
			name = SignINViewControllerXIB.xib;
			sourceTree = "<group>";
		};
/* End PBXVariantGroup section */

/* Begin XCBuildConfiguration section */
		4A6A441922EF6A200082CDA3 /* Debug */ = {
			isa = XCBuildConfiguration;
			buildSettings = {
				ALWAYS_SEARCH_USER_PATHS = NO;
				CLANG_ANALYZER_LOCALIZABILITY_NONLOCALIZED = YES;
				CLANG_ANALYZER_NONNULL = YES;
				CLANG_ANALYZER_NUMBER_OBJECT_CONVERSION = YES_AGGRESSIVE;
				CLANG_CXX_LANGUAGE_STANDARD = "gnu++14";
				CLANG_CXX_LIBRARY = "libc++";
				CLANG_ENABLE_MODULES = YES;
				CLANG_ENABLE_OBJC_ARC = YES;
				CLANG_ENABLE_OBJC_WEAK = YES;
				CLANG_WARN_BLOCK_CAPTURE_AUTORELEASING = YES;
				CLANG_WARN_BOOL_CONVERSION = YES;
				CLANG_WARN_COMMA = YES;
				CLANG_WARN_CONSTANT_CONVERSION = YES;
				CLANG_WARN_DEPRECATED_OBJC_IMPLEMENTATIONS = YES;
				CLANG_WARN_DIRECT_OBJC_ISA_USAGE = YES_ERROR;
				CLANG_WARN_DOCUMENTATION_COMMENTS = YES;
				CLANG_WARN_EMPTY_BODY = YES;
				CLANG_WARN_ENUM_CONVERSION = YES;
				CLANG_WARN_INFINITE_RECURSION = YES;
				CLANG_WARN_INT_CONVERSION = YES;
				CLANG_WARN_NON_LITERAL_NULL_CONVERSION = YES;
				CLANG_WARN_OBJC_IMPLICIT_RETAIN_SELF = YES;
				CLANG_WARN_OBJC_LITERAL_CONVERSION = YES;
				CLANG_WARN_OBJC_ROOT_CLASS = YES_ERROR;
				CLANG_WARN_RANGE_LOOP_ANALYSIS = YES;
				CLANG_WARN_STRICT_PROTOTYPES = YES;
				CLANG_WARN_SUSPICIOUS_MOVE = YES;
				CLANG_WARN_UNGUARDED_AVAILABILITY = YES_AGGRESSIVE;
				CLANG_WARN_UNREACHABLE_CODE = YES;
				CLANG_WARN__DUPLICATE_METHOD_MATCH = YES;
				CODE_SIGN_IDENTITY = "iPhone Developer";
				COPY_PHASE_STRIP = NO;
				DEBUG_INFORMATION_FORMAT = dwarf;
				ENABLE_STRICT_OBJC_MSGSEND = YES;
				ENABLE_TESTABILITY = YES;
				GCC_C_LANGUAGE_STANDARD = gnu11;
				GCC_DYNAMIC_NO_PIC = NO;
				GCC_NO_COMMON_BLOCKS = YES;
				GCC_OPTIMIZATION_LEVEL = 0;
				GCC_PREPROCESSOR_DEFINITIONS = (
					"DEBUG=1",
					"$(inherited)",
				);
				GCC_WARN_64_TO_32_BIT_CONVERSION = YES;
				GCC_WARN_ABOUT_RETURN_TYPE = YES_ERROR;
				GCC_WARN_UNDECLARED_SELECTOR = YES;
				GCC_WARN_UNINITIALIZED_AUTOS = YES_AGGRESSIVE;
				GCC_WARN_UNUSED_FUNCTION = YES;
				GCC_WARN_UNUSED_VARIABLE = YES;
				IPHONEOS_DEPLOYMENT_TARGET = 12.4;
				MTL_ENABLE_DEBUG_INFO = INCLUDE_SOURCE;
				MTL_FAST_MATH = YES;
				ONLY_ACTIVE_ARCH = YES;
				SDKROOT = iphoneos;
				SWIFT_ACTIVE_COMPILATION_CONDITIONS = DEBUG;
				SWIFT_OPTIMIZATION_LEVEL = "-Onone";
			};
			name = Debug;
		};
		4A6A441A22EF6A200082CDA3 /* Release */ = {
			isa = XCBuildConfiguration;
			buildSettings = {
				ALWAYS_SEARCH_USER_PATHS = NO;
				CLANG_ANALYZER_LOCALIZABILITY_NONLOCALIZED = YES;
				CLANG_ANALYZER_NONNULL = YES;
				CLANG_ANALYZER_NUMBER_OBJECT_CONVERSION = YES_AGGRESSIVE;
				CLANG_CXX_LANGUAGE_STANDARD = "gnu++14";
				CLANG_CXX_LIBRARY = "libc++";
				CLANG_ENABLE_MODULES = YES;
				CLANG_ENABLE_OBJC_ARC = YES;
				CLANG_ENABLE_OBJC_WEAK = YES;
				CLANG_WARN_BLOCK_CAPTURE_AUTORELEASING = YES;
				CLANG_WARN_BOOL_CONVERSION = YES;
				CLANG_WARN_COMMA = YES;
				CLANG_WARN_CONSTANT_CONVERSION = YES;
				CLANG_WARN_DEPRECATED_OBJC_IMPLEMENTATIONS = YES;
				CLANG_WARN_DIRECT_OBJC_ISA_USAGE = YES_ERROR;
				CLANG_WARN_DOCUMENTATION_COMMENTS = YES;
				CLANG_WARN_EMPTY_BODY = YES;
				CLANG_WARN_ENUM_CONVERSION = YES;
				CLANG_WARN_INFINITE_RECURSION = YES;
				CLANG_WARN_INT_CONVERSION = YES;
				CLANG_WARN_NON_LITERAL_NULL_CONVERSION = YES;
				CLANG_WARN_OBJC_IMPLICIT_RETAIN_SELF = YES;
				CLANG_WARN_OBJC_LITERAL_CONVERSION = YES;
				CLANG_WARN_OBJC_ROOT_CLASS = YES_ERROR;
				CLANG_WARN_RANGE_LOOP_ANALYSIS = YES;
				CLANG_WARN_STRICT_PROTOTYPES = YES;
				CLANG_WARN_SUSPICIOUS_MOVE = YES;
				CLANG_WARN_UNGUARDED_AVAILABILITY = YES_AGGRESSIVE;
				CLANG_WARN_UNREACHABLE_CODE = YES;
				CLANG_WARN__DUPLICATE_METHOD_MATCH = YES;
				CODE_SIGN_IDENTITY = "iPhone Developer";
				COPY_PHASE_STRIP = NO;
				DEBUG_INFORMATION_FORMAT = "dwarf-with-dsym";
				ENABLE_NS_ASSERTIONS = NO;
				ENABLE_STRICT_OBJC_MSGSEND = YES;
				GCC_C_LANGUAGE_STANDARD = gnu11;
				GCC_NO_COMMON_BLOCKS = YES;
				GCC_WARN_64_TO_32_BIT_CONVERSION = YES;
				GCC_WARN_ABOUT_RETURN_TYPE = YES_ERROR;
				GCC_WARN_UNDECLARED_SELECTOR = YES;
				GCC_WARN_UNINITIALIZED_AUTOS = YES_AGGRESSIVE;
				GCC_WARN_UNUSED_FUNCTION = YES;
				GCC_WARN_UNUSED_VARIABLE = YES;
				IPHONEOS_DEPLOYMENT_TARGET = 12.4;
				MTL_ENABLE_DEBUG_INFO = NO;
				MTL_FAST_MATH = YES;
				SDKROOT = iphoneos;
				SWIFT_COMPILATION_MODE = wholemodule;
				SWIFT_OPTIMIZATION_LEVEL = "-O";
				VALIDATE_PRODUCT = YES;
			};
			name = Release;
		};
		4A6A441C22EF6A200082CDA3 /* Debug */ = {
			isa = XCBuildConfiguration;
			baseConfigurationReference = CAF85031EF89E4C457A6E7BE /* Pods-MedicalApp.debug.xcconfig */;
			buildSettings = {
				ASSETCATALOG_COMPILER_APPICON_NAME = AppIcon;
				CODE_SIGN_STYLE = Automatic;
				DEVELOPMENT_TEAM = 866745QNDF;
				INFOPLIST_FILE = "$(SRCROOT)/MedicalApp/Resources/Info.plist";
				IPHONEOS_DEPLOYMENT_TARGET = 11.0;
				LD_RUNPATH_SEARCH_PATHS = (
					"$(inherited)",
					"@executable_path/Frameworks",
				);
				PRODUCT_BUNDLE_IDENTIFIER = Artemkkk.MedicalApp;
				PRODUCT_NAME = "$(TARGET_NAME)";
				SWIFT_VERSION = 5.0;
				TARGETED_DEVICE_FAMILY = "1,2";
			};
			name = Debug;
		};
		4A6A441D22EF6A200082CDA3 /* Release */ = {
			isa = XCBuildConfiguration;
			baseConfigurationReference = 2FD39EF8466ADD142FC0684A /* Pods-MedicalApp.release.xcconfig */;
			buildSettings = {
				ASSETCATALOG_COMPILER_APPICON_NAME = AppIcon;
				CODE_SIGN_STYLE = Automatic;
				DEVELOPMENT_TEAM = 866745QNDF;
				INFOPLIST_FILE = "$(SRCROOT)/MedicalApp/Resources/Info.plist";
				IPHONEOS_DEPLOYMENT_TARGET = 11.0;
				LD_RUNPATH_SEARCH_PATHS = (
					"$(inherited)",
					"@executable_path/Frameworks",
				);
				PRODUCT_BUNDLE_IDENTIFIER = Artemkkk.MedicalApp;
				PRODUCT_NAME = "$(TARGET_NAME)";
				SWIFT_VERSION = 5.0;
				TARGETED_DEVICE_FAMILY = "1,2";
			};
			name = Release;
		};
/* End XCBuildConfiguration section */

/* Begin XCConfigurationList section */
		4A6A440422EF6A1F0082CDA3 /* Build configuration list for PBXProject "MedicalApp" */ = {
			isa = XCConfigurationList;
			buildConfigurations = (
				4A6A441922EF6A200082CDA3 /* Debug */,
				4A6A441A22EF6A200082CDA3 /* Release */,
			);
			defaultConfigurationIsVisible = 0;
			defaultConfigurationName = Release;
		};
		4A6A441B22EF6A200082CDA3 /* Build configuration list for PBXNativeTarget "MedicalApp" */ = {
			isa = XCConfigurationList;
			buildConfigurations = (
				4A6A441C22EF6A200082CDA3 /* Debug */,
				4A6A441D22EF6A200082CDA3 /* Release */,
			);
			defaultConfigurationIsVisible = 0;
			defaultConfigurationName = Release;
		};
/* End XCConfigurationList section */
	};
	rootObject = 4A6A440122EF6A1F0082CDA3 /* Project object */;
}
