// !$*UTF8*$!
{
	archiveVersion = 1;
	classes = {
	};
	objectVersion = 50;
	objects = {

/* Begin PBXBuildFile section */
		4A6A440D22EF6A1F0082CDA3 /* AppDelegate.swift in Sources */ = {isa = PBXBuildFile; fileRef = 4A6A440C22EF6A1F0082CDA3 /* AppDelegate.swift */; };
		4A6A440F22EF6A1F0082CDA3 /* ViewController.swift in Sources */ = {isa = PBXBuildFile; fileRef = 4A6A440E22EF6A1F0082CDA3 /* ViewController.swift */; };
		4A6A441222EF6A1F0082CDA3 /* Main.storyboard in Resources */ = {isa = PBXBuildFile; fileRef = 4A6A441022EF6A1F0082CDA3 /* Main.storyboard */; };
		4A6A441422EF6A200082CDA3 /* Assets.xcassets in Resources */ = {isa = PBXBuildFile; fileRef = 4A6A441322EF6A200082CDA3 /* Assets.xcassets */; };
		4A6A441722EF6A200082CDA3 /* LaunchScreen.storyboard in Resources */ = {isa = PBXBuildFile; fileRef = 4A6A441522EF6A200082CDA3 /* LaunchScreen.storyboard */; };
		4A6A442322EF6B280082CDA3 /* View.swift in Sources */ = {isa = PBXBuildFile; fileRef = 4A6A442222EF6B280082CDA3 /* View.swift */; };
		AC4F030222F023C900F1622B /* SignINViewControllerXIB.swift in Sources */ = {isa = PBXBuildFile; fileRef = AC4F030022F023C900F1622B /* SignINViewControllerXIB.swift */; };
		AC4F030522F0322400F1622B /* UserProfile.swift in Sources */ = {isa = PBXBuildFile; fileRef = AC4F030422F0322400F1622B /* UserProfile.swift */; };
		C204BEF222F1586300EDB741 /* SignUPFinalViewController.swift in Sources */ = {isa = PBXBuildFile; fileRef = C204BEF122F1586300EDB741 /* SignUPFinalViewController.swift */; };
		C204BEF422F15E0200EDB741 /* RegularEmail.swift in Sources */ = {isa = PBXBuildFile; fileRef = C204BEF322F15E0200EDB741 /* RegularEmail.swift */; };
		C215C5D422F0BBE9003EFF72 /* SignINViewControllerXIB.xib in Resources */ = {isa = PBXBuildFile; fileRef = C215C5D622F0BBE9003EFF72 /* SignINViewControllerXIB.xib */; };
		C215C5DC22F0BFEB003EFF72 /* SignUpViewController.swift in Sources */ = {isa = PBXBuildFile; fileRef = C215C5DB22F0BFEB003EFF72 /* SignUpViewController.swift */; };
		C224EA6222F0AFBB0001AA43 /* SignUpProtocol.swift in Sources */ = {isa = PBXBuildFile; fileRef = C224EA6022F0AFBB0001AA43 /* SignUpProtocol.swift */; };
/* End PBXBuildFile section */

/* Begin PBXFileReference section */
		4A6A440922EF6A1F0082CDA3 /* MedicalApp.app */ = {isa = PBXFileReference; explicitFileType = wrapper.application; includeInIndex = 0; path = MedicalApp.app; sourceTree = BUILT_PRODUCTS_DIR; };
		4A6A440C22EF6A1F0082CDA3 /* AppDelegate.swift */ = {isa = PBXFileReference; lastKnownFileType = sourcecode.swift; path = AppDelegate.swift; sourceTree = "<group>"; };
		4A6A440E22EF6A1F0082CDA3 /* ViewController.swift */ = {isa = PBXFileReference; lastKnownFileType = sourcecode.swift; path = ViewController.swift; sourceTree = "<group>"; };
		4A6A441122EF6A1F0082CDA3 /* Base */ = {isa = PBXFileReference; lastKnownFileType = file.storyboard; name = Base; path = Base.lproj/Main.storyboard; sourceTree = "<group>"; };
		4A6A441322EF6A200082CDA3 /* Assets.xcassets */ = {isa = PBXFileReference; lastKnownFileType = folder.assetcatalog; path = Assets.xcassets; sourceTree = "<group>"; };
		4A6A441622EF6A200082CDA3 /* Base */ = {isa = PBXFileReference; lastKnownFileType = file.storyboard; name = Base; path = Base.lproj/LaunchScreen.storyboard; sourceTree = "<group>"; };
		4A6A441822EF6A200082CDA3 /* Info.plist */ = {isa = PBXFileReference; lastKnownFileType = text.plist.xml; path = Info.plist; sourceTree = "<group>"; };
		4A6A442222EF6B280082CDA3 /* View.swift */ = {isa = PBXFileReference; lastKnownFileType = sourcecode.swift; path = View.swift; sourceTree = "<group>"; };
		AC4F030022F023C900F1622B /* SignINViewControllerXIB.swift */ = {isa = PBXFileReference; lastKnownFileType = sourcecode.swift; path = SignINViewControllerXIB.swift; sourceTree = "<group>"; };
		AC4F030422F0322400F1622B /* UserProfile.swift */ = {isa = PBXFileReference; lastKnownFileType = sourcecode.swift; path = UserProfile.swift; sourceTree = "<group>"; };
		C204BEF122F1586300EDB741 /* SignUPFinalViewController.swift */ = {isa = PBXFileReference; lastKnownFileType = sourcecode.swift; path = SignUPFinalViewController.swift; sourceTree = "<group>"; };
		C204BEF322F15E0200EDB741 /* RegularEmail.swift */ = {isa = PBXFileReference; lastKnownFileType = sourcecode.swift; path = RegularEmail.swift; sourceTree = "<group>"; };
		C215C5D222F0BBDB003EFF72 /* ru */ = {isa = PBXFileReference; lastKnownFileType = text.plist.strings; name = ru; path = ru.lproj/Main.strings; sourceTree = "<group>"; };
		C215C5D322F0BBDB003EFF72 /* ru */ = {isa = PBXFileReference; lastKnownFileType = text.plist.strings; name = ru; path = ru.lproj/LaunchScreen.strings; sourceTree = "<group>"; };
		C215C5D522F0BBE9003EFF72 /* Base */ = {isa = PBXFileReference; lastKnownFileType = file.xib; name = Base; path = Base.lproj/SignINViewControllerXIB.xib; sourceTree = "<group>"; };
		C215C5D822F0BBF7003EFF72 /* ru */ = {isa = PBXFileReference; lastKnownFileType = text.plist.strings; name = ru; path = ru.lproj/SignINViewControllerXIB.strings; sourceTree = "<group>"; };
		C215C5DB22F0BFEB003EFF72 /* SignUpViewController.swift */ = {isa = PBXFileReference; lastKnownFileType = sourcecode.swift; name = SignUpViewController.swift; path = ../../SignUpViewController.swift; sourceTree = "<group>"; };
		C224EA6022F0AFBB0001AA43 /* SignUpProtocol.swift */ = {isa = PBXFileReference; fileEncoding = 4; lastKnownFileType = sourcecode.swift; path = SignUpProtocol.swift; sourceTree = "<group>"; };
/* End PBXFileReference section */

/* Begin PBXFrameworksBuildPhase section */
		4A6A440622EF6A1F0082CDA3 /* Frameworks */ = {
			isa = PBXFrameworksBuildPhase;
			buildActionMask = 2147483647;
			files = (
			);
			runOnlyForDeploymentPostprocessing = 0;
		};
/* End PBXFrameworksBuildPhase section */

/* Begin PBXGroup section */
		4A6A440022EF6A1F0082CDA3 = {
			isa = PBXGroup;
			children = (
				4A6A440B22EF6A1F0082CDA3 /* MedicalApp */,
				4A6A440A22EF6A1F0082CDA3 /* Products */,
			);
			sourceTree = "<group>";
		};
		4A6A440A22EF6A1F0082CDA3 /* Products */ = {
			isa = PBXGroup;
			children = (
				4A6A440922EF6A1F0082CDA3 /* MedicalApp.app */,
			);
			name = Products;
			sourceTree = "<group>";
		};
		4A6A440B22EF6A1F0082CDA3 /* MedicalApp */ = {
			isa = PBXGroup;
			children = (
				4A6A442122EF6ABC0082CDA3 /* Resources */,
				4A6A442022EF6A590082CDA3 /* Controllers */,
				4A6A441F22EF6A500082CDA3 /* Views */,
				4A6A441E22EF6A460082CDA3 /* Models */,
				4A6A440C22EF6A1F0082CDA3 /* AppDelegate.swift */,
				4A6A441022EF6A1F0082CDA3 /* Main.storyboard */,
				4A6A441522EF6A200082CDA3 /* LaunchScreen.storyboard */,
			);
			path = MedicalApp;
			sourceTree = "<group>";
		};
		4A6A441E22EF6A460082CDA3 /* Models */ = {
			isa = PBXGroup;
			children = (
				C224EA6022F0AFBB0001AA43 /* SignUpProtocol.swift */,
				C204BEF322F15E0200EDB741 /* RegularEmail.swift */,
				AC4F030422F0322400F1622B /* UserProfile.swift */,
			);
			path = Models;
			sourceTree = "<group>";
		};
		4A6A441F22EF6A500082CDA3 /* Views */ = {
			isa = PBXGroup;
			children = (
				4A6A442222EF6B280082CDA3 /* View.swift */,
			);
			path = Views;
			sourceTree = "<group>";
		};
		4A6A442022EF6A590082CDA3 /* Controllers */ = {
			isa = PBXGroup;
			children = (
				4A6A440E22EF6A1F0082CDA3 /* ViewController.swift */,
				AC4F030022F023C900F1622B /* SignINViewControllerXIB.swift */,
				C215C5DB22F0BFEB003EFF72 /* SignUpViewController.swift */,
				C204BEF122F1586300EDB741 /* SignUPFinalViewController.swift */,
				C215C5D622F0BBE9003EFF72 /* SignINViewControllerXIB.xib */,
			);
			path = Controllers;
			sourceTree = "<group>";
		};
		4A6A442122EF6ABC0082CDA3 /* Resources */ = {
			isa = PBXGroup;
			children = (
				4A6A441322EF6A200082CDA3 /* Assets.xcassets */,
				4A6A441822EF6A200082CDA3 /* Info.plist */,
			);
			path = Resources;
			sourceTree = "<group>";
		};
/* End PBXGroup section */

/* Begin PBXNativeTarget section */
		4A6A440822EF6A1F0082CDA3 /* MedicalApp */ = {
			isa = PBXNativeTarget;
			buildConfigurationList = 4A6A441B22EF6A200082CDA3 /* Build configuration list for PBXNativeTarget "MedicalApp" */;
			buildPhases = (
				4A6A440522EF6A1F0082CDA3 /* Sources */,
				4A6A440622EF6A1F0082CDA3 /* Frameworks */,
				4A6A440722EF6A1F0082CDA3 /* Resources */,
			);
			buildRules = (
			);
			dependencies = (
			);
			name = MedicalApp;
			productName = MedicalApp;
			productReference = 4A6A440922EF6A1F0082CDA3 /* MedicalApp.app */;
			productType = "com.apple.product-type.application";
		};
/* End PBXNativeTarget section */

/* Begin PBXProject section */
		4A6A440122EF6A1F0082CDA3 /* Project object */ = {
			isa = PBXProject;
			attributes = {
				LastSwiftUpdateCheck = 1030;
				LastUpgradeCheck = 1030;
				ORGANIZATIONNAME = "iOS Team";
				TargetAttributes = {
					4A6A440822EF6A1F0082CDA3 = {
						CreatedOnToolsVersion = 10.3;
					};
				};
			};
			buildConfigurationList = 4A6A440422EF6A1F0082CDA3 /* Build configuration list for PBXProject "MedicalApp" */;
			compatibilityVersion = "Xcode 9.3";
			developmentRegion = en;
			hasScannedForEncodings = 0;
			knownRegions = (
				en,
				Base,
				ru,
			);
			mainGroup = 4A6A440022EF6A1F0082CDA3;
			productRefGroup = 4A6A440A22EF6A1F0082CDA3 /* Products */;
			projectDirPath = "";
			projectRoot = "";
			targets = (
				4A6A440822EF6A1F0082CDA3 /* MedicalApp */,
			);
		};
/* End PBXProject section */

/* Begin PBXResourcesBuildPhase section */
		4A6A440722EF6A1F0082CDA3 /* Resources */ = {
			isa = PBXResourcesBuildPhase;
			buildActionMask = 2147483647;
			files = (
				4A6A441722EF6A200082CDA3 /* LaunchScreen.storyboard in Resources */,
				4A6A441422EF6A200082CDA3 /* Assets.xcassets in Resources */,
				4A6A441222EF6A1F0082CDA3 /* Main.storyboard in Resources */,
				C215C5D422F0BBE9003EFF72 /* SignINViewControllerXIB.xib in Resources */,
			);
			runOnlyForDeploymentPostprocessing = 0;
		};
/* End PBXResourcesBuildPhase section */

/* Begin PBXSourcesBuildPhase section */
		4A6A440522EF6A1F0082CDA3 /* Sources */ = {
			isa = PBXSourcesBuildPhase;
			buildActionMask = 2147483647;
			files = (
				4A6A440F22EF6A1F0082CDA3 /* ViewController.swift in Sources */,
				C204BEF222F1586300EDB741 /* SignUPFinalViewController.swift in Sources */,
				C215C5DC22F0BFEB003EFF72 /* SignUpViewController.swift in Sources */,
				4A6A440D22EF6A1F0082CDA3 /* AppDelegate.swift in Sources */,
				AC4F030522F0322400F1622B /* UserProfile.swift in Sources */,
				C204BEF422F15E0200EDB741 /* RegularEmail.swift in Sources */,
				4A6A442322EF6B280082CDA3 /* View.swift in Sources */,
				C224EA6222F0AFBB0001AA43 /* SignUpProtocol.swift in Sources */,
				AC4F030222F023C900F1622B /* SignINViewControllerXIB.swift in Sources */,
			);
			runOnlyForDeploymentPostprocessing = 0;
		};
/* End PBXSourcesBuildPhase section */

/* Begin PBXVariantGroup section */
		4A6A441022EF6A1F0082CDA3 /* Main.storyboard */ = {
			isa = PBXVariantGroup;
			children = (
				4A6A441122EF6A1F0082CDA3 /* Base */,
				C215C5D222F0BBDB003EFF72 /* ru */,
			);
			name = Main.storyboard;
			sourceTree = "<group>";
		};
		4A6A441522EF6A200082CDA3 /* LaunchScreen.storyboard */ = {
			isa = PBXVariantGroup;
			children = (
				4A6A441622EF6A200082CDA3 /* Base */,
				C215C5D322F0BBDB003EFF72 /* ru */,
			);
			name = LaunchScreen.storyboard;
			sourceTree = "<group>";
		};
		C215C5D622F0BBE9003EFF72 /* SignINViewControllerXIB.xib */ = {
			isa = PBXVariantGroup;
			children = (
				C215C5D522F0BBE9003EFF72 /* Base */,
				C215C5D822F0BBF7003EFF72 /* ru */,
			);
			name = SignINViewControllerXIB.xib;
			sourceTree = "<group>";
		};
/* End PBXVariantGroup section */

/* Begin XCBuildConfiguration section */
		4A6A441922EF6A200082CDA3 /* Debug */ = {
			isa = XCBuildConfiguration;
			buildSettings = {
				ALWAYS_SEARCH_USER_PATHS = NO;
				CLANG_ANALYZER_LOCALIZABILITY_NONLOCALIZED = YES;
				CLANG_ANALYZER_NONNULL = YES;
				CLANG_ANALYZER_NUMBER_OBJECT_CONVERSION = YES_AGGRESSIVE;
				CLANG_CXX_LANGUAGE_STANDARD = "gnu++14";
				CLANG_CXX_LIBRARY = "libc++";
				CLANG_ENABLE_MODULES = YES;
				CLANG_ENABLE_OBJC_ARC = YES;
				CLANG_ENABLE_OBJC_WEAK = YES;
				CLANG_WARN_BLOCK_CAPTURE_AUTORELEASING = YES;
				CLANG_WARN_BOOL_CONVERSION = YES;
				CLANG_WARN_COMMA = YES;
				CLANG_WARN_CONSTANT_CONVERSION = YES;
				CLANG_WARN_DEPRECATED_OBJC_IMPLEMENTATIONS = YES;
				CLANG_WARN_DIRECT_OBJC_ISA_USAGE = YES_ERROR;
				CLANG_WARN_DOCUMENTATION_COMMENTS = YES;
				CLANG_WARN_EMPTY_BODY = YES;
				CLANG_WARN_ENUM_CONVERSION = YES;
				CLANG_WARN_INFINITE_RECURSION = YES;
				CLANG_WARN_INT_CONVERSION = YES;
				CLANG_WARN_NON_LITERAL_NULL_CONVERSION = YES;
				CLANG_WARN_OBJC_IMPLICIT_RETAIN_SELF = YES;
				CLANG_WARN_OBJC_LITERAL_CONVERSION = YES;
				CLANG_WARN_OBJC_ROOT_CLASS = YES_ERROR;
				CLANG_WARN_RANGE_LOOP_ANALYSIS = YES;
				CLANG_WARN_STRICT_PROTOTYPES = YES;
				CLANG_WARN_SUSPICIOUS_MOVE = YES;
				CLANG_WARN_UNGUARDED_AVAILABILITY = YES_AGGRESSIVE;
				CLANG_WARN_UNREACHABLE_CODE = YES;
				CLANG_WARN__DUPLICATE_METHOD_MATCH = YES;
				CODE_SIGN_IDENTITY = "iPhone Developer";
				COPY_PHASE_STRIP = NO;
				DEBUG_INFORMATION_FORMAT = dwarf;
				ENABLE_STRICT_OBJC_MSGSEND = YES;
				ENABLE_TESTABILITY = YES;
				GCC_C_LANGUAGE_STANDARD = gnu11;
				GCC_DYNAMIC_NO_PIC = NO;
				GCC_NO_COMMON_BLOCKS = YES;
				GCC_OPTIMIZATION_LEVEL = 0;
				GCC_PREPROCESSOR_DEFINITIONS = (
					"DEBUG=1",
					"$(inherited)",
				);
				GCC_WARN_64_TO_32_BIT_CONVERSION = YES;
				GCC_WARN_ABOUT_RETURN_TYPE = YES_ERROR;
				GCC_WARN_UNDECLARED_SELECTOR = YES;
				GCC_WARN_UNINITIALIZED_AUTOS = YES_AGGRESSIVE;
				GCC_WARN_UNUSED_FUNCTION = YES;
				GCC_WARN_UNUSED_VARIABLE = YES;
				IPHONEOS_DEPLOYMENT_TARGET = 12.4;
				MTL_ENABLE_DEBUG_INFO = INCLUDE_SOURCE;
				MTL_FAST_MATH = YES;
				ONLY_ACTIVE_ARCH = YES;
				SDKROOT = iphoneos;
				SWIFT_ACTIVE_COMPILATION_CONDITIONS = DEBUG;
				SWIFT_OPTIMIZATION_LEVEL = "-Onone";
			};
			name = Debug;
		};
		4A6A441A22EF6A200082CDA3 /* Release */ = {
			isa = XCBuildConfiguration;
			buildSettings = {
				ALWAYS_SEARCH_USER_PATHS = NO;
				CLANG_ANALYZER_LOCALIZABILITY_NONLOCALIZED = YES;
				CLANG_ANALYZER_NONNULL = YES;
				CLANG_ANALYZER_NUMBER_OBJECT_CONVERSION = YES_AGGRESSIVE;
				CLANG_CXX_LANGUAGE_STANDARD = "gnu++14";
				CLANG_CXX_LIBRARY = "libc++";
				CLANG_ENABLE_MODULES = YES;
				CLANG_ENABLE_OBJC_ARC = YES;
				CLANG_ENABLE_OBJC_WEAK = YES;
				CLANG_WARN_BLOCK_CAPTURE_AUTORELEASING = YES;
				CLANG_WARN_BOOL_CONVERSION = YES;
				CLANG_WARN_COMMA = YES;
				CLANG_WARN_CONSTANT_CONVERSION = YES;
				CLANG_WARN_DEPRECATED_OBJC_IMPLEMENTATIONS = YES;
				CLANG_WARN_DIRECT_OBJC_ISA_USAGE = YES_ERROR;
				CLANG_WARN_DOCUMENTATION_COMMENTS = YES;
				CLANG_WARN_EMPTY_BODY = YES;
				CLANG_WARN_ENUM_CONVERSION = YES;
				CLANG_WARN_INFINITE_RECURSION = YES;
				CLANG_WARN_INT_CONVERSION = YES;
				CLANG_WARN_NON_LITERAL_NULL_CONVERSION = YES;
				CLANG_WARN_OBJC_IMPLICIT_RETAIN_SELF = YES;
				CLANG_WARN_OBJC_LITERAL_CONVERSION = YES;
				CLANG_WARN_OBJC_ROOT_CLASS = YES_ERROR;
				CLANG_WARN_RANGE_LOOP_ANALYSIS = YES;
				CLANG_WARN_STRICT_PROTOTYPES = YES;
				CLANG_WARN_SUSPICIOUS_MOVE = YES;
				CLANG_WARN_UNGUARDED_AVAILABILITY = YES_AGGRESSIVE;
				CLANG_WARN_UNREACHABLE_CODE = YES;
				CLANG_WARN__DUPLICATE_METHOD_MATCH = YES;
				CODE_SIGN_IDENTITY = "iPhone Developer";
				COPY_PHASE_STRIP = NO;
				DEBUG_INFORMATION_FORMAT = "dwarf-with-dsym";
				ENABLE_NS_ASSERTIONS = NO;
				ENABLE_STRICT_OBJC_MSGSEND = YES;
				GCC_C_LANGUAGE_STANDARD = gnu11;
				GCC_NO_COMMON_BLOCKS = YES;
				GCC_WARN_64_TO_32_BIT_CONVERSION = YES;
				GCC_WARN_ABOUT_RETURN_TYPE = YES_ERROR;
				GCC_WARN_UNDECLARED_SELECTOR = YES;
				GCC_WARN_UNINITIALIZED_AUTOS = YES_AGGRESSIVE;
				GCC_WARN_UNUSED_FUNCTION = YES;
				GCC_WARN_UNUSED_VARIABLE = YES;
				IPHONEOS_DEPLOYMENT_TARGET = 12.4;
				MTL_ENABLE_DEBUG_INFO = NO;
				MTL_FAST_MATH = YES;
				SDKROOT = iphoneos;
				SWIFT_COMPILATION_MODE = wholemodule;
				SWIFT_OPTIMIZATION_LEVEL = "-O";
				VALIDATE_PRODUCT = YES;
			};
			name = Release;
		};
		4A6A441C22EF6A200082CDA3 /* Debug */ = {
			isa = XCBuildConfiguration;
			buildSettings = {
				ASSETCATALOG_COMPILER_APPICON_NAME = AppIcon;
				CODE_SIGN_STYLE = Automatic;
				INFOPLIST_FILE = "$(SRCROOT)/MedicalApp/Resources/Info.plist";
				LD_RUNPATH_SEARCH_PATHS = (
					"$(inherited)",
					"@executable_path/Frameworks",
				);
				PRODUCT_BUNDLE_IDENTIFIER = iOSTeam2019.MedicalApp;
				PRODUCT_NAME = "$(TARGET_NAME)";
				SWIFT_VERSION = 5.0;
				TARGETED_DEVICE_FAMILY = "1,2";
			};
			name = Debug;
		};
		4A6A441D22EF6A200082CDA3 /* Release */ = {
			isa = XCBuildConfiguration;
			buildSettings = {
				ASSETCATALOG_COMPILER_APPICON_NAME = AppIcon;
				CODE_SIGN_STYLE = Automatic;
				INFOPLIST_FILE = "$(SRCROOT)/MedicalApp/Resources/Info.plist";
				LD_RUNPATH_SEARCH_PATHS = (
					"$(inherited)",
					"@executable_path/Frameworks",
				);
				PRODUCT_BUNDLE_IDENTIFIER = iOSTeam2019.MedicalApp;
				PRODUCT_NAME = "$(TARGET_NAME)";
				SWIFT_VERSION = 5.0;
				TARGETED_DEVICE_FAMILY = "1,2";
			};
			name = Release;
		};
/* End XCBuildConfiguration section */

/* Begin XCConfigurationList section */
		4A6A440422EF6A1F0082CDA3 /* Build configuration list for PBXProject "MedicalApp" */ = {
			isa = XCConfigurationList;
			buildConfigurations = (
				4A6A441922EF6A200082CDA3 /* Debug */,
				4A6A441A22EF6A200082CDA3 /* Release */,
			);
			defaultConfigurationIsVisible = 0;
			defaultConfigurationName = Release;
		};
		4A6A441B22EF6A200082CDA3 /* Build configuration list for PBXNativeTarget "MedicalApp" */ = {
			isa = XCConfigurationList;
			buildConfigurations = (
				4A6A441C22EF6A200082CDA3 /* Debug */,
				4A6A441D22EF6A200082CDA3 /* Release */,
			);
			defaultConfigurationIsVisible = 0;
			defaultConfigurationName = Release;
		};
/* End XCConfigurationList section */
	};
	rootObject = 4A6A440122EF6A1F0082CDA3 /* Project object */;
}
